
Microsoft Visual Studio Solution File, Format Version 12.00
# Visual Studio Version 16
VisualStudioVersion = 16.0.29920.165
MinimumVisualStudioVersion = 10.0.40219.1
Project("{FAE04EC0-301F-11D3-BF4B-00C04F79EFBC}") = "EstadosBR", "EstadosBR\EstadosBR.csproj", "{236B5121-0EFD-4661-B0E6-CD4863276943}"
EndProject
Global
	GlobalSection(SolutionConfigurationPlatforms) = preSolution
		Debug|Any CPU = Debug|Any CPU
		Release|Any CPU = Release|Any CPU
	EndGlobalSection
	GlobalSection(ProjectConfigurationPlatforms) = postSolution
		{236B5121-0EFD-4661-B0E6-CD4863276943}.Debug|Any CPU.ActiveCfg = Debug|Any CPU
		{236B5121-0EFD-4661-B0E6-CD4863276943}.Debug|Any CPU.Build.0 = Debug|Any CPU
		{236B5121-0EFD-4661-B0E6-CD4863276943}.Release|Any CPU.ActiveCfg = Release|Any CPU
		{236B5121-0EFD-4661-B0E6-CD4863276943}.Release|Any CPU.Build.0 = Release|Any CPU
	EndGlobalSection
	GlobalSection(SolutionProperties) = preSolution
		HideSolutionNode = FALSE
	EndGlobalSection
	GlobalSection(ExtensibilityGlobals) = postSolution
		SolutionGuid = {CEBC484E-9D54-48DE-99BA-2ABA518DCE9F}
	EndGlobalSection
EndGlobal
